
Microsoft Visual Studio Solution File, Format Version 12.00
Project("{FAE04EC0-301F-11D3-BF4B-00C04F79EFBC}") = "Kurzy", "Kurzy\Kurzy.csproj", "{74B21513-7A97-4C2E-B184-003F0C838529}"
EndProject
Project("{FAE04EC0-301F-11D3-BF4B-00C04F79EFBC}") = "ApiTest", "ApiTest\ApiTest.csproj", "{626C5AFC-1A46-4392-B6BD-0C4FC2160B32}"
EndProject
Global
	GlobalSection(SolutionConfigurationPlatforms) = preSolution
		Debug|Any CPU = Debug|Any CPU
		Release|Any CPU = Release|Any CPU
	EndGlobalSection
	GlobalSection(ProjectConfigurationPlatforms) = postSolution
		{74B21513-7A97-4C2E-B184-003F0C838529}.Debug|Any CPU.ActiveCfg = Debug|Any CPU
		{74B21513-7A97-4C2E-B184-003F0C838529}.Debug|Any CPU.Build.0 = Debug|Any CPU
		{74B21513-7A97-4C2E-B184-003F0C838529}.Release|Any CPU.ActiveCfg = Release|Any CPU
		{74B21513-7A97-4C2E-B184-003F0C838529}.Release|Any CPU.Build.0 = Release|Any CPU
		{626C5AFC-1A46-4392-B6BD-0C4FC2160B32}.Debug|Any CPU.ActiveCfg = Debug|Any CPU
		{626C5AFC-1A46-4392-B6BD-0C4FC2160B32}.Debug|Any CPU.Build.0 = Debug|Any CPU
		{626C5AFC-1A46-4392-B6BD-0C4FC2160B32}.Release|Any CPU.ActiveCfg = Release|Any CPU
		{626C5AFC-1A46-4392-B6BD-0C4FC2160B32}.Release|Any CPU.Build.0 = Release|Any CPU
	EndGlobalSection
EndGlobal
